// !$*UTF8*$!
{
	archiveVersion = 1;
	classes = {
	};
	objectVersion = 77;
	objects = {

/* Begin PBXBuildFile section */
		7B0000000000000000000013 /* VocabCore in Frameworks */ = {isa = PBXBuildFile; productRef = 7B0000000000000000000012 /* VocabCore */; };
/* End PBXBuildFile section */

/* Begin PBXFileReference section */
		7B0000000000000000000004 /* VocTrainPhone.app */ = {isa = PBXFileReference; explicitFileType = wrapper.application; includeInIndex = 0; path = VocTrainPhone.app; sourceTree = BUILT_PRODUCTS_DIR; };
		7B0000000000000000000014 /* VocabCore */ = {isa = PBXFileReference; lastKnownFileType = folder; name = VocabCore; path = ../../Packages/VocabCore; sourceTree = "<group>"; };
		7B000000000000000000002D /* Signing.xcconfig */ = {isa = PBXFileReference; lastKnownFileType = text.xcconfig; path = Signing.xcconfig; sourceTree = "<group>"; };
/* End PBXFileReference section */

/* Begin PBXFileSystemSynchronizedBuildFileExceptionSet section */
		7B0000000000000000000006 /* Exceptions for "VocTrainPhone" folder in "VocTrainPhone" target */ = {
			isa = PBXFileSystemSynchronizedBuildFileExceptionSet;
			membershipExceptions = (
				Info.plist,
			);
			target = 7B0000000000000000000007 /* VocTrainPhone */;
		};
/* End PBXFileSystemSynchronizedBuildFileExceptionSet section */

/* Begin PBXFileSystemSynchronizedRootGroup section */
		7B0000000000000000000005 /* VocTrainPhone */ = {
			isa = PBXFileSystemSynchronizedRootGroup;
			exceptions = (
				7B0000000000000000000006 /* Exceptions for "VocTrainPhone" folder in "VocTrainPhone" target */,
			);
			path = VocTrainPhone;
			sourceTree = "<group>";
		};
/* End PBXFileSystemSynchronizedRootGroup section */

/* Begin PBXFrameworksBuildPhase section */
		7B0000000000000000000009 /* Frameworks */ = {
			isa = PBXFrameworksBuildPhase;
			buildActionMask = 2147483647;
			files = (
				7B0000000000000000000013 /* VocabCore in Frameworks */,
			);
			runOnlyForDeploymentPostprocessing = 0;
		};
/* End PBXFrameworksBuildPhase section */

/* Begin PBXGroup section */
		7B0000000000000000000002 = {
			isa = PBXGroup;
			children = (
				7B0000000000000000000005 /* VocTrainPhone */,
				7B0000000000000000000014 /* VocabCore */,
				7B000000000000000000002D /* Signing.xcconfig */,
				7B0000000000000000000003 /* Products */,
			);
			sourceTree = "<group>";
		};
		7B0000000000000000000003 /* Products */ = {
			isa = PBXGroup;
			children = (
				7B0000000000000000000004 /* VocTrainPhone.app */,
			);
			name = Products;
			sourceTree = "<group>";
		};
/* End PBXGroup section */

/* Begin PBXNativeTarget section */
		7B0000000000000000000007 /* VocTrainPhone */ = {
			isa = PBXNativeTarget;
			buildConfigurationList = 7B000000000000000000000E /* Build configuration list for PBXNativeTarget "VocTrainPhone" */;
			buildPhases = (
				7B0000000000000000000008 /* Sources */,
				7B0000000000000000000009 /* Frameworks */,
				7B000000000000000000000A /* Resources */,
			);
			buildRules = (
			);
			dependencies = (
			);
			fileSystemSynchronizedGroups = (
				7B0000000000000000000005 /* VocTrainPhone */,
			);
			name = VocTrainPhone;
			packageProductDependencies = (
				7B0000000000000000000012 /* VocabCore */,
			);
			productName = VocTrainPhone;
			productReference = 7B0000000000000000000004 /* VocTrainPhone.app */;
			productType = "com.apple.product-type.application";
		};
/* End PBXNativeTarget section */

/* Begin PBXProject section */
		7B0000000000000000000001 /* Project object */ = {
			isa = PBXProject;
			attributes = {
				BuildIndependentTargetsInParallel = 1;
				LastSwiftUpdateCheck = 1620;
				LastUpgradeCheck = 1620;
				TargetAttributes = {
					7B0000000000000000000007 = {
						CreatedOnToolsVersion = 16.2;
					};
				};
			};
			buildConfigurationList = 7B000000000000000000000B /* Build configuration list for PBXProject "VocTrainPhone" */;
			developmentRegion = en;
			hasScannedForEncodings = 0;
			knownRegions = (
				en,
				Base,
			);
			mainGroup = 7B0000000000000000000002;
			minimizedProjectReferenceProxies = 1;
			preferredProjectObjectVersion = 77;
			productRefGroup = 7B0000000000000000000003 /* Products */;
			projectDirPath = "";
			projectRoot = "";
			targets = (
				7B0000000000000000000007 /* VocTrainPhone */,
			);
		};
/* End PBXProject section */

/* Begin PBXResourcesBuildPhase section */
		7B000000000000000000000A /* Resources */ = {
			isa = PBXResourcesBuildPhase;
			buildActionMask = 2147483647;
			files = (
			);
			runOnlyForDeploymentPostprocessing = 0;
		};
/* End PBXResourcesBuildPhase section */

/* Begin PBXSourcesBuildPhase section */
		7B0000000000000000000008 /* Sources */ = {
			isa = PBXSourcesBuildPhase;
			buildActionMask = 2147483647;
			files = (
			);
			runOnlyForDeploymentPostprocessing = 0;
		};
/* End PBXSourcesBuildPhase section */

/* Begin XCBuildConfiguration section */
		7B000000000000000000000C /* Debug */ = {
			isa = XCBuildConfiguration;
			baseConfigurationReference = 7B000000000000000000002D /* Signing.xcconfig */;
			buildSettings = {
				ALWAYS_SEARCH_USER_PATHS = NO;
				CLANG_ENABLE_MODULES = YES;
				CLANG_ENABLE_OBJC_ARC = YES;
				DEBUG_INFORMATION_FORMAT = dwarf;
				ENABLE_TESTABILITY = YES;
				GCC_OPTIMIZATION_LEVEL = 0;
				IPHONEOS_DEPLOYMENT_TARGET = 17.0;
				ONLY_ACTIVE_ARCH = YES;
				SDKROOT = iphoneos;
				SWIFT_ACTIVE_COMPILATION_CONDITIONS = "DEBUG $(inherited)";
				SWIFT_OPTIMIZATION_LEVEL = "-Onone";
			};
			name = Debug;
		};
		7B000000000000000000000D /* Release */ = {
			isa = XCBuildConfiguration;
			baseConfigurationReference = 7B000000000000000000002D /* Signing.xcconfig */;
			buildSettings = {
				ALWAYS_SEARCH_USER_PATHS = NO;
				CLANG_ENABLE_MODULES = YES;
				CLANG_ENABLE_OBJC_ARC = YES;
				DEBUG_INFORMATION_FORMAT = "dwarf-with-dsym";
				IPHONEOS_DEPLOYMENT_TARGET = 17.0;
				SDKROOT = iphoneos;
				SWIFT_COMPILATION_MODE = wholemodule;
				VALIDATE_PRODUCT = YES;
			};
			name = Release;
		};
		7B000000000000000000000F /* Debug */ = {
			isa = XCBuildConfiguration;
			buildSettings = {
				CURRENT_PROJECT_VERSION = 1;
				GENERATE_INFOPLIST_FILE = YES;
				INFOPLIST_FILE = VocTrainPhone/Info.plist;
				INFOPLIST_KEY_CFBundleDisplayName = "VocTrain Spike";
				INFOPLIST_KEY_UIApplicationSceneManifest_Generation = YES;
				INFOPLIST_KEY_UILaunchScreen_Generation = YES;
				LD_RUNPATH_SEARCH_PATHS = (
					"$(inherited)",
					"@executable_path/Frameworks",
				);
				MARKETING_VERSION = 0.0.1;
				PRODUCT_BUNDLE_IDENTIFIER = com.mfluch.VocTrainPhoneSpike;
				PRODUCT_NAME = VocTrainPhone;
				SWIFT_VERSION = 5.0;
				TARGETED_DEVICE_FAMILY = 1;
			};
			name = Debug;
		};
		7B0000000000000000000010 /* Release */ = {
			isa = XCBuildConfiguration;
			buildSettings = {
				CURRENT_PROJECT_VERSION = 1;
				GENERATE_INFOPLIST_FILE = YES;
				INFOPLIST_FILE = VocTrainPhone/Info.plist;
				INFOPLIST_KEY_CFBundleDisplayName = "VocTrain Spike";
				INFOPLIST_KEY_UIApplicationSceneManifest_Generation = YES;
				INFOPLIST_KEY_UILaunchScreen_Generation = YES;
				LD_RUNPATH_SEARCH_PATHS = (
					"$(inherited)",
					"@executable_path/Frameworks",
				);
				MARKETING_VERSION = 0.0.1;
				PRODUCT_BUNDLE_IDENTIFIER = com.mfluch.VocTrainPhoneSpike;
				PRODUCT_NAME = VocTrainPhone;
				SWIFT_VERSION = 5.0;
				TARGETED_DEVICE_FAMILY = 1;
			};
			name = Release;
		};
/* End XCBuildConfiguration section */

/* Begin XCConfigurationList section */
		7B000000000000000000000B /* Build configuration list for PBXProject "VocTrainPhone" */ = {
			isa = XCConfigurationList;
			buildConfigurations = (
				7B000000000000000000000C /* Debug */,
				7B000000000000000000000D /* Release */,
			);
			defaultConfigurationIsVisible = 0;
			defaultConfigurationName = Release;
		};
		7B000000000000000000000E /* Build configuration list for PBXNativeTarget "VocTrainPhone" */ = {
			isa = XCConfigurationList;
			buildConfigurations = (
				7B000000000000000000000F /* Debug */,
				7B0000000000000000000010 /* Release */,
			);
			defaultConfigurationIsVisible = 0;
			defaultConfigurationName = Release;
		};
/* End XCConfigurationList section */

/* Begin XCSwiftPackageProductDependency section */
		7B0000000000000000000012 /* VocabCore */ = {
			isa = XCSwiftPackageProductDependency;
			productName = VocabCore;
		};
/* End XCSwiftPackageProductDependency section */
	};
	rootObject = 7B0000000000000000000001 /* Project object */;
}
