// !$*UTF8*$!
{
	archiveVersion = 1;
	classes = {
	};
	objectVersion = 77;
	objects = {

/* Begin PBXBuildFile section */
		7A0000000000000000000013 /* VocabCore in Frameworks */ = {isa = PBXBuildFile; productRef = 7A0000000000000000000012 /* VocabCore */; };
/* End PBXBuildFile section */

/* Begin PBXContainerItemProxy section */
		7A0000000000000000000029 /* PBXContainerItemProxy */ = {
			isa = PBXContainerItemProxy;
			containerPortal = 7A0000000000000000000001 /* Project object */;
			proxyType = 1;
			remoteGlobalIDString = 7A0000000000000000000007;
			remoteInfo = MacVocTrainNg;
		};
/* End PBXContainerItemProxy section */

/* Begin PBXFileReference section */
		7A0000000000000000000004 /* MacVocTrain.app */ = {isa = PBXFileReference; explicitFileType = wrapper.application; includeInIndex = 0; path = MacVocTrain.app; sourceTree = BUILT_PRODUCTS_DIR; };
		7A0000000000000000000014 /* VocabCore */ = {isa = PBXFileReference; lastKnownFileType = folder; name = VocabCore; path = Packages/VocabCore; sourceTree = "<group>"; };
		7A000000000000000000002D /* Signing.xcconfig */ = {isa = PBXFileReference; lastKnownFileType = text.xcconfig; path = Signing.xcconfig; sourceTree = "<group>"; };
		7A0000000000000000000024 /* MacVocTrainNgTests.xctest */ = {isa = PBXFileReference; explicitFileType = wrapper.cfbundle; includeInIndex = 0; path = MacVocTrainNgTests.xctest; sourceTree = BUILT_PRODUCTS_DIR; };
/* End PBXFileReference section */

/* Begin PBXFileSystemSynchronizedBuildFileExceptionSet section */
		7A0000000000000000000006 /* Exceptions for "MacVocTrainNg" folder in "MacVocTrainNg" target */ = {
			isa = PBXFileSystemSynchronizedBuildFileExceptionSet;
			membershipExceptions = (
				Info.plist,
			);
			target = 7A0000000000000000000007 /* MacVocTrainNg */;
		};
/* End PBXFileSystemSynchronizedBuildFileExceptionSet section */

/* Begin PBXFileSystemSynchronizedRootGroup section */
		7A0000000000000000000005 /* MacVocTrainNg */ = {
			isa = PBXFileSystemSynchronizedRootGroup;
			exceptions = (
				7A0000000000000000000006 /* Exceptions for "MacVocTrainNg" folder in "MacVocTrainNg" target */,
			);
			path = MacVocTrainNg;
			sourceTree = "<group>";
		};
		7A0000000000000000000025 /* MacVocTrainNgTests */ = {
			isa = PBXFileSystemSynchronizedRootGroup;
			path = MacVocTrainNgTests;
			sourceTree = "<group>";
		};
/* End PBXFileSystemSynchronizedRootGroup section */

/* Begin PBXFrameworksBuildPhase section */
		7A0000000000000000000009 /* Frameworks */ = {
			isa = PBXFrameworksBuildPhase;
			buildActionMask = 2147483647;
			files = (
				7A0000000000000000000013 /* VocabCore in Frameworks */,
			);
			runOnlyForDeploymentPostprocessing = 0;
		};
		7A0000000000000000000027 /* Frameworks */ = {
			isa = PBXFrameworksBuildPhase;
			buildActionMask = 2147483647;
			files = (
			);
			runOnlyForDeploymentPostprocessing = 0;
		};
/* End PBXFrameworksBuildPhase section */

/* Begin PBXGroup section */
		7A0000000000000000000002 = {
			isa = PBXGroup;
			children = (
				7A0000000000000000000005 /* MacVocTrainNg */,
				7A0000000000000000000025 /* MacVocTrainNgTests */,
				7A0000000000000000000014 /* VocabCore */,
				7A000000000000000000002E /* Config */,
				7A0000000000000000000003 /* Products */,
			);
			sourceTree = "<group>";
		};
		7A000000000000000000002E /* Config */ = {
			isa = PBXGroup;
			children = (
				7A000000000000000000002D /* Signing.xcconfig */,
			);
			path = Config;
			sourceTree = "<group>";
		};
		7A0000000000000000000003 /* Products */ = {
			isa = PBXGroup;
			children = (
				7A0000000000000000000004 /* MacVocTrain.app */,
				7A0000000000000000000024 /* MacVocTrainNgTests.xctest */,
			);
			name = Products;
			sourceTree = "<group>";
		};
/* End PBXGroup section */

/* Begin PBXNativeTarget section */
		7A0000000000000000000007 /* MacVocTrainNg */ = {
			isa = PBXNativeTarget;
			buildConfigurationList = 7A000000000000000000000E /* Build configuration list for PBXNativeTarget "MacVocTrainNg" */;
			buildPhases = (
				7A0000000000000000000008 /* Sources */,
				7A0000000000000000000009 /* Frameworks */,
				7A000000000000000000000A /* Resources */,
			);
			buildRules = (
			);
			dependencies = (
			);
			fileSystemSynchronizedGroups = (
				7A0000000000000000000005 /* MacVocTrainNg */,
			);
			name = MacVocTrainNg;
			packageProductDependencies = (
				7A0000000000000000000012 /* VocabCore */,
			);
			productName = MacVocTrainNg;
			productReference = 7A0000000000000000000004 /* MacVocTrain.app */;
			productType = "com.apple.product-type.application";
		};
		7A0000000000000000000020 /* MacVocTrainNgTests */ = {
			isa = PBXNativeTarget;
			buildConfigurationList = 7A000000000000000000002A /* Build configuration list for PBXNativeTarget "MacVocTrainNgTests" */;
			buildPhases = (
				7A0000000000000000000026 /* Sources */,
				7A0000000000000000000027 /* Frameworks */,
				7A0000000000000000000028 /* Resources */,
			);
			buildRules = (
			);
			dependencies = (
				7A0000000000000000000021 /* PBXTargetDependency */,
			);
			fileSystemSynchronizedGroups = (
				7A0000000000000000000025 /* MacVocTrainNgTests */,
			);
			name = MacVocTrainNgTests;
			packageProductDependencies = (
			);
			productName = MacVocTrainNgTests;
			productReference = 7A0000000000000000000024 /* MacVocTrainNgTests.xctest */;
			productType = "com.apple.product-type.bundle.unit-test";
		};
/* End PBXNativeTarget section */

/* Begin PBXProject section */
		7A0000000000000000000001 /* Project object */ = {
			isa = PBXProject;
			attributes = {
				BuildIndependentTargetsInParallel = 1;
				LastSwiftUpdateCheck = 1620;
				LastUpgradeCheck = 1620;
				TargetAttributes = {
					7A0000000000000000000007 = {
						CreatedOnToolsVersion = 16.2;
					};
					7A0000000000000000000020 = {
						CreatedOnToolsVersion = 16.2;
						TestTargetID = 7A0000000000000000000007;
					};
				};
			};
			buildConfigurationList = 7A000000000000000000000B /* Build configuration list for PBXProject "MacVocTrainNg" */;
			developmentRegion = en;
			hasScannedForEncodings = 0;
			knownRegions = (
				en,
				de,
				Base,
			);
			mainGroup = 7A0000000000000000000002;
			minimizedProjectReferenceProxies = 1;
			preferredProjectObjectVersion = 77;
			productRefGroup = 7A0000000000000000000003 /* Products */;
			projectDirPath = "";
			projectRoot = "";
			targets = (
				7A0000000000000000000007 /* MacVocTrainNg */,
				7A0000000000000000000020 /* MacVocTrainNgTests */,
			);
		};
/* End PBXProject section */

/* Begin PBXResourcesBuildPhase section */
		7A000000000000000000000A /* Resources */ = {
			isa = PBXResourcesBuildPhase;
			buildActionMask = 2147483647;
			files = (
			);
			runOnlyForDeploymentPostprocessing = 0;
		};
		7A0000000000000000000028 /* Resources */ = {
			isa = PBXResourcesBuildPhase;
			buildActionMask = 2147483647;
			files = (
			);
			runOnlyForDeploymentPostprocessing = 0;
		};
/* End PBXResourcesBuildPhase section */

/* Begin PBXSourcesBuildPhase section */
		7A0000000000000000000008 /* Sources */ = {
			isa = PBXSourcesBuildPhase;
			buildActionMask = 2147483647;
			files = (
			);
			runOnlyForDeploymentPostprocessing = 0;
		};
		7A0000000000000000000026 /* Sources */ = {
			isa = PBXSourcesBuildPhase;
			buildActionMask = 2147483647;
			files = (
			);
			runOnlyForDeploymentPostprocessing = 0;
		};
/* End PBXSourcesBuildPhase section */

/* Begin PBXTargetDependency section */
		7A0000000000000000000021 /* PBXTargetDependency */ = {
			isa = PBXTargetDependency;
			target = 7A0000000000000000000007 /* MacVocTrainNg */;
			targetProxy = 7A0000000000000000000029 /* PBXContainerItemProxy */;
		};
/* End PBXTargetDependency section */

/* Begin XCBuildConfiguration section */
		7A000000000000000000000C /* Debug */ = {
			isa = XCBuildConfiguration;
			baseConfigurationReference = 7A000000000000000000002D /* Signing.xcconfig */;
			buildSettings = {
				ALWAYS_SEARCH_USER_PATHS = NO;
				ASSETCATALOG_COMPILER_GENERATE_SWIFT_ASSET_SYMBOL_EXTENSIONS = YES;
				CLANG_ANALYZER_NONNULL = YES;
				CLANG_CXX_LANGUAGE_STANDARD = "gnu++20";
				CLANG_ENABLE_MODULES = YES;
				CLANG_ENABLE_OBJC_ARC = YES;
				COPY_PHASE_STRIP = NO;
				DEBUG_INFORMATION_FORMAT = dwarf;
				ENABLE_STRICT_OBJC_MSGSEND = YES;
				ENABLE_TESTABILITY = YES;
				ENABLE_USER_SCRIPT_SANDBOXING = YES;
				GCC_C_LANGUAGE_STANDARD = gnu17;
				GCC_DYNAMIC_NO_PIC = NO;
				GCC_NO_COMMON_BLOCKS = YES;
				GCC_OPTIMIZATION_LEVEL = 0;
				GCC_PREPROCESSOR_DEFINITIONS = (
					"DEBUG=1",
					"$(inherited)",
				);
				LOCALIZATION_PREFERS_STRING_CATALOGS = YES;
				MACOSX_DEPLOYMENT_TARGET = 14.0;
				ONLY_ACTIVE_ARCH = YES;
				SDKROOT = macosx;
				SWIFT_ACTIVE_COMPILATION_CONDITIONS = "DEBUG $(inherited)";
				SWIFT_OPTIMIZATION_LEVEL = "-Onone";
			};
			name = Debug;
		};
		7A000000000000000000000D /* Release */ = {
			isa = XCBuildConfiguration;
			baseConfigurationReference = 7A000000000000000000002D /* Signing.xcconfig */;
			buildSettings = {
				ALWAYS_SEARCH_USER_PATHS = NO;
				ASSETCATALOG_COMPILER_GENERATE_SWIFT_ASSET_SYMBOL_EXTENSIONS = YES;
				CLANG_ANALYZER_NONNULL = YES;
				CLANG_CXX_LANGUAGE_STANDARD = "gnu++20";
				CLANG_ENABLE_MODULES = YES;
				CLANG_ENABLE_OBJC_ARC = YES;
				COPY_PHASE_STRIP = NO;
				DEBUG_INFORMATION_FORMAT = "dwarf-with-dsym";
				ENABLE_NS_ASSERTIONS = NO;
				ENABLE_STRICT_OBJC_MSGSEND = YES;
				ENABLE_USER_SCRIPT_SANDBOXING = YES;
				GCC_C_LANGUAGE_STANDARD = gnu17;
				GCC_NO_COMMON_BLOCKS = YES;
				LOCALIZATION_PREFERS_STRING_CATALOGS = YES;
				MACOSX_DEPLOYMENT_TARGET = 14.0;
				SDKROOT = macosx;
				SWIFT_COMPILATION_MODE = wholemodule;
			};
			name = Release;
		};
		7A000000000000000000000F /* Debug */ = {
			isa = XCBuildConfiguration;
			buildSettings = {
				ASSETCATALOG_COMPILER_APPICON_NAME = AppIcon;
				ASSETCATALOG_COMPILER_GLOBAL_ACCENT_COLOR_NAME = AccentColor;
				CODE_SIGN_ENTITLEMENTS = MacVocTrainNg/MacVocTrainNg.entitlements;
				COMBINE_HIDPI_IMAGES = YES;
				CURRENT_PROJECT_VERSION = 4;
				ENABLE_HARDENED_RUNTIME = YES;
				ENABLE_PREVIEWS = YES;
				GENERATE_INFOPLIST_FILE = YES;
				INFOPLIST_FILE = MacVocTrainNg/Info.plist;
				INFOPLIST_KEY_CFBundleDisplayName = MacVocTrain;
				INFOPLIST_KEY_LSApplicationCategoryType = "public.app-category.education";
				INFOPLIST_KEY_NSHumanReadableCopyright = "© 2013–2026 Martin Fluch";
				LD_RUNPATH_SEARCH_PATHS = (
					"$(inherited)",
					"@executable_path/../Frameworks",
				);
				MARKETING_VERSION = 0.4.0;
				PRODUCT_BUNDLE_IDENTIFIER = com.mfluch.MacVocTrainNg;
				PRODUCT_NAME = MacVocTrain;
				SWIFT_EMIT_LOC_STRINGS = YES;
				SWIFT_VERSION = 6.0;
			};
			name = Debug;
		};
		7A0000000000000000000010 /* Release */ = {
			isa = XCBuildConfiguration;
			buildSettings = {
				ASSETCATALOG_COMPILER_APPICON_NAME = AppIcon;
				ASSETCATALOG_COMPILER_GLOBAL_ACCENT_COLOR_NAME = AccentColor;
				CODE_SIGN_ENTITLEMENTS = MacVocTrainNg/MacVocTrainNg.entitlements;
				COMBINE_HIDPI_IMAGES = YES;
				CURRENT_PROJECT_VERSION = 4;
				ENABLE_HARDENED_RUNTIME = YES;
				ENABLE_PREVIEWS = YES;
				GENERATE_INFOPLIST_FILE = YES;
				INFOPLIST_FILE = MacVocTrainNg/Info.plist;
				INFOPLIST_KEY_CFBundleDisplayName = MacVocTrain;
				INFOPLIST_KEY_LSApplicationCategoryType = "public.app-category.education";
				INFOPLIST_KEY_NSHumanReadableCopyright = "© 2013–2026 Martin Fluch";
				LD_RUNPATH_SEARCH_PATHS = (
					"$(inherited)",
					"@executable_path/../Frameworks",
				);
				MARKETING_VERSION = 0.4.0;
				PRODUCT_BUNDLE_IDENTIFIER = com.mfluch.MacVocTrainNg;
				PRODUCT_NAME = MacVocTrain;
				SWIFT_EMIT_LOC_STRINGS = YES;
				SWIFT_VERSION = 6.0;
			};
			name = Release;
		};
		7A000000000000000000002B /* Debug */ = {
			isa = XCBuildConfiguration;
			buildSettings = {
				BUNDLE_LOADER = "$(TEST_HOST)";
				CURRENT_PROJECT_VERSION = 4;
				GENERATE_INFOPLIST_FILE = YES;
				MACOSX_DEPLOYMENT_TARGET = 14.0;
				MARKETING_VERSION = 0.4.0;
				PRODUCT_BUNDLE_IDENTIFIER = com.mfluch.MacVocTrainNgTests;
				PRODUCT_NAME = "$(TARGET_NAME)";
				SWIFT_EMIT_LOC_STRINGS = NO;
				SWIFT_VERSION = 6.0;
				TEST_HOST = "$(BUILT_PRODUCTS_DIR)/MacVocTrain.app/Contents/MacOS/MacVocTrain";
			};
			name = Debug;
		};
		7A000000000000000000002C /* Release */ = {
			isa = XCBuildConfiguration;
			buildSettings = {
				BUNDLE_LOADER = "$(TEST_HOST)";
				CURRENT_PROJECT_VERSION = 4;
				GENERATE_INFOPLIST_FILE = YES;
				MACOSX_DEPLOYMENT_TARGET = 14.0;
				MARKETING_VERSION = 0.4.0;
				PRODUCT_BUNDLE_IDENTIFIER = com.mfluch.MacVocTrainNgTests;
				PRODUCT_NAME = "$(TARGET_NAME)";
				SWIFT_EMIT_LOC_STRINGS = NO;
				SWIFT_VERSION = 6.0;
				TEST_HOST = "$(BUILT_PRODUCTS_DIR)/MacVocTrain.app/Contents/MacOS/MacVocTrain";
			};
			name = Release;
		};
/* End XCBuildConfiguration section */

/* Begin XCConfigurationList section */
		7A000000000000000000000B /* Build configuration list for PBXProject "MacVocTrainNg" */ = {
			isa = XCConfigurationList;
			buildConfigurations = (
				7A000000000000000000000C /* Debug */,
				7A000000000000000000000D /* Release */,
			);
			defaultConfigurationIsVisible = 0;
			defaultConfigurationName = Release;
		};
		7A000000000000000000000E /* Build configuration list for PBXNativeTarget "MacVocTrainNg" */ = {
			isa = XCConfigurationList;
			buildConfigurations = (
				7A000000000000000000000F /* Debug */,
				7A0000000000000000000010 /* Release */,
			);
			defaultConfigurationIsVisible = 0;
			defaultConfigurationName = Release;
		};
		7A000000000000000000002A /* Build configuration list for PBXNativeTarget "MacVocTrainNgTests" */ = {
			isa = XCConfigurationList;
			buildConfigurations = (
				7A000000000000000000002B /* Debug */,
				7A000000000000000000002C /* Release */,
			);
			defaultConfigurationIsVisible = 0;
			defaultConfigurationName = Release;
		};
/* End XCConfigurationList section */

/* Begin XCSwiftPackageProductDependency section */
		7A0000000000000000000012 /* VocabCore */ = {
			isa = XCSwiftPackageProductDependency;
			productName = VocabCore;
		};
/* End XCSwiftPackageProductDependency section */
	};
	rootObject = 7A0000000000000000000001 /* Project object */;
}
